{
  "name": "mini-vue3",
  "version": "1.0.0",
  "lockfileVersion": 1,
  "requires": true,
  "dependencies": {
    "@vue/reactivity": {
      "version": "3.0.11",
      "resolved": "http://af.hikvision.com.cn:80/artifactory/api/npm/npm-isms/@vue/reactivity/-/reactivity-3.0.11.tgz",
      "integrity": "sha1-B7WINJ/QViaxfzUAy+99S9tNvQs=",
      "requires": {
        "@vue/shared": "3.0.11"
      }
    },
    "@vue/shared": {
      "version": "3.0.11",
      "resolved": "http://af.hikvision.com.cn:80/artifactory/api/npm/npm-isms/@vue/shared/-/shared-3.0.11.tgz",
      "integrity": "sha1-INIt0Np9NYuyHBf5vehigVJkLHc="
    }
  }
}
